
Microsoft Visual Studio Solution File, Format Version 12.00
# Visual Studio Version 16
VisualStudioVersion = 16.0.30114.105
MinimumVisualStudioVersion = 10.0.40219.1
Project("{FAE04EC0-301F-11D3-BF4B-00C04F79EFBC}") = "ProEventos.Application", "ProEventos.Application\ProEventos.Application.csproj", "{86CEEB5A-84D7-4AC3-91FC-40C8EECC9A9A}"
EndProject
Project("{FAE04EC0-301F-11D3-BF4B-00C04F79EFBC}") = "ProEventos.Domain", "ProEventos.Domain\ProEventos.Domain.csproj", "{C976252C-1538-426A-BA29-5056607FE736}"
EndProject
Project("{FAE04EC0-301F-11D3-BF4B-00C04F79EFBC}") = "ProEventos.API", "ProEventos.API\ProEventos.API.csproj", "{6C822570-5704-428C-AE10-084D2DE734B2}"
EndProject
Project("{FAE04EC0-301F-11D3-BF4B-00C04F79EFBC}") = "ProEventos.Persistence", "ProEventos.Persistence\ProEventos.Persistence.csproj", "{2857AECA-DBE7-4AB1-B4DD-CF85F34A3CA4}"
EndProject
Global
	GlobalSection(SolutionConfigurationPlatforms) = preSolution
		Debug|Any CPU = Debug|Any CPU
		Debug|x64 = Debug|x64
		Debug|x86 = Debug|x86
		Release|Any CPU = Release|Any CPU
		Release|x64 = Release|x64
		Release|x86 = Release|x86
	EndGlobalSection
	GlobalSection(SolutionProperties) = preSolution
		HideSolutionNode = FALSE
	EndGlobalSection
	GlobalSection(ProjectConfigurationPlatforms) = postSolution
		{86CEEB5A-84D7-4AC3-91FC-40C8EECC9A9A}.Debug|Any CPU.ActiveCfg = Debug|Any CPU
		{86CEEB5A-84D7-4AC3-91FC-40C8EECC9A9A}.Debug|Any CPU.Build.0 = Debug|Any CPU
		{86CEEB5A-84D7-4AC3-91FC-40C8EECC9A9A}.Debug|x64.ActiveCfg = Debug|Any CPU
		{86CEEB5A-84D7-4AC3-91FC-40C8EECC9A9A}.Debug|x64.Build.0 = Debug|Any CPU
		{86CEEB5A-84D7-4AC3-91FC-40C8EECC9A9A}.Debug|x86.ActiveCfg = Debug|Any CPU
		{86CEEB5A-84D7-4AC3-91FC-40C8EECC9A9A}.Debug|x86.Build.0 = Debug|Any CPU
		{86CEEB5A-84D7-4AC3-91FC-40C8EECC9A9A}.Release|Any CPU.ActiveCfg = Release|Any CPU
		{86CEEB5A-84D7-4AC3-91FC-40C8EECC9A9A}.Release|Any CPU.Build.0 = Release|Any CPU
		{86CEEB5A-84D7-4AC3-91FC-40C8EECC9A9A}.Release|x64.ActiveCfg = Release|Any CPU
		{86CEEB5A-84D7-4AC3-91FC-40C8EECC9A9A}.Release|x64.Build.0 = Release|Any CPU
		{86CEEB5A-84D7-4AC3-91FC-40C8EECC9A9A}.Release|x86.ActiveCfg = Release|Any CPU
		{86CEEB5A-84D7-4AC3-91FC-40C8EECC9A9A}.Release|x86.Build.0 = Release|Any CPU
		{C976252C-1538-426A-BA29-5056607FE736}.Debug|Any CPU.ActiveCfg = Debug|Any CPU
		{C976252C-1538-426A-BA29-5056607FE736}.Debug|Any CPU.Build.0 = Debug|Any CPU
		{C976252C-1538-426A-BA29-5056607FE736}.Debug|x64.ActiveCfg = Debug|Any CPU
		{C976252C-1538-426A-BA29-5056607FE736}.Debug|x64.Build.0 = Debug|Any CPU
		{C976252C-1538-426A-BA29-5056607FE736}.Debug|x86.ActiveCfg = Debug|Any CPU
		{C976252C-1538-426A-BA29-5056607FE736}.Debug|x86.Build.0 = Debug|Any CPU
		{C976252C-1538-426A-BA29-5056607FE736}.Release|Any CPU.ActiveCfg = Release|Any CPU
		{C976252C-1538-426A-BA29-5056607FE736}.Release|Any CPU.Build.0 = Release|Any CPU
		{C976252C-1538-426A-BA29-5056607FE736}.Release|x64.ActiveCfg = Release|Any CPU
		{C976252C-1538-426A-BA29-5056607FE736}.Release|x64.Build.0 = Release|Any CPU
		{C976252C-1538-426A-BA29-5056607FE736}.Release|x86.ActiveCfg = Release|Any CPU
		{C976252C-1538-426A-BA29-5056607FE736}.Release|x86.Build.0 = Release|Any CPU
		{6C822570-5704-428C-AE10-084D2DE734B2}.Debug|Any CPU.ActiveCfg = Debug|Any CPU
		{6C822570-5704-428C-AE10-084D2DE734B2}.Debug|Any CPU.Build.0 = Debug|Any CPU
		{6C822570-5704-428C-AE10-084D2DE734B2}.Debug|x64.ActiveCfg = Debug|Any CPU
		{6C822570-5704-428C-AE10-084D2DE734B2}.Debug|x64.Build.0 = Debug|Any CPU
		{6C822570-5704-428C-AE10-084D2DE734B2}.Debug|x86.ActiveCfg = Debug|Any CPU
		{6C822570-5704-428C-AE10-084D2DE734B2}.Debug|x86.Build.0 = Debug|Any CPU
		{6C822570-5704-428C-AE10-084D2DE734B2}.Release|Any CPU.ActiveCfg = Release|Any CPU
		{6C822570-5704-428C-AE10-084D2DE734B2}.Release|Any CPU.Build.0 = Release|Any CPU
		{6C822570-5704-428C-AE10-084D2DE734B2}.Release|x64.ActiveCfg = Release|Any CPU
		{6C822570-5704-428C-AE10-084D2DE734B2}.Release|x64.Build.0 = Release|Any CPU
		{6C822570-5704-428C-AE10-084D2DE734B2}.Release|x86.ActiveCfg = Release|Any CPU
		{6C822570-5704-428C-AE10-084D2DE734B2}.Release|x86.Build.0 = Release|Any CPU
		{2857AECA-DBE7-4AB1-B4DD-CF85F34A3CA4}.Debug|Any CPU.ActiveCfg = Debug|Any CPU
		{2857AECA-DBE7-4AB1-B4DD-CF85F34A3CA4}.Debug|Any CPU.Build.0 = Debug|Any CPU
		{2857AECA-DBE7-4AB1-B4DD-CF85F34A3CA4}.Debug|x64.ActiveCfg = Debug|Any CPU
		{2857AECA-DBE7-4AB1-B4DD-CF85F34A3CA4}.Debug|x64.Build.0 = Debug|Any CPU
		{2857AECA-DBE7-4AB1-B4DD-CF85F34A3CA4}.Debug|x86.ActiveCfg = Debug|Any CPU
		{2857AECA-DBE7-4AB1-B4DD-CF85F34A3CA4}.Debug|x86.Build.0 = Debug|Any CPU
		{2857AECA-DBE7-4AB1-B4DD-CF85F34A3CA4}.Release|Any CPU.ActiveCfg = Release|Any CPU
		{2857AECA-DBE7-4AB1-B4DD-CF85F34A3CA4}.Release|Any CPU.Build.0 = Release|Any CPU
		{2857AECA-DBE7-4AB1-B4DD-CF85F34A3CA4}.Release|x64.ActiveCfg = Release|Any CPU
		{2857AECA-DBE7-4AB1-B4DD-CF85F34A3CA4}.Release|x64.Build.0 = Release|Any CPU
		{2857AECA-DBE7-4AB1-B4DD-CF85F34A3CA4}.Release|x86.ActiveCfg = Release|Any CPU
		{2857AECA-DBE7-4AB1-B4DD-CF85F34A3CA4}.Release|x86.Build.0 = Release|Any CPU
	EndGlobalSection
EndGlobal
